// !$*UTF8*$!
{
	archiveVersion = 1;
	classes = {
	};
	objectVersion = 77;
	objects = {

/* Begin PBXBuildFile section */
		3B757C6A2E5E1D9100BE993D /* ScreenShake.swift in Sources */ = {isa = PBXBuildFile; fileRef = 3B757C692E5E1D9100BE993D /* ScreenShake.swift */; };
		3B757C6C2E5E346800BE993D /* MotionParallax.swift in Sources */ = {isa = PBXBuildFile; fileRef = 3B757C6B2E5E346800BE993D /* MotionParallax.swift */; };
		3B757C6E2E5E347300BE993D /* StarfieldBackground.swift in Sources */ = {isa = PBXBuildFile; fileRef = 3B757C6D2E5E347300BE993D /* StarfieldBackground.swift */; };
		3B757C712E5EEAE500BE993D /* MotionSystem.swift in Sources */ = {isa = PBXBuildFile; fileRef = 3B757C702E5EEAE500BE993D /* MotionSystem.swift */; };
		3B757C732E5EEAF700BE993D /* CombatSystem.swift in Sources */ = {isa = PBXBuildFile; fileRef = 3B757C722E5EEAF700BE993D /* CombatSystem.swift */; };
		3B757C752E5EEB0000BE993D /* EffectsSystem.swift in Sources */ = {isa = PBXBuildFile; fileRef = 3B757C742E5EEB0000BE993D /* EffectsSystem.swift */; };
		3B757C772E5EEB0800BE993D /* SpawningSystem.swift in Sources */ = {isa = PBXBuildFile; fileRef = 3B757C762E5EEB0800BE993D /* SpawningSystem.swift */; };
		3B757C792E5EEB1000BE993D /* ScoringSystem.swift in Sources */ = {isa = PBXBuildFile; fileRef = 3B757C782E5EEB1000BE993D /* ScoringSystem.swift */; };
		3B9D9EB02E5A3140006281F0 /* GameState.swift in Sources */ = {isa = PBXBuildFile; fileRef = 3B9D9EAB2E5A30D8006281F0 /* GameState.swift */; };
		3B9D9EB12E5A3140006281F0 /* OverlayViews.swift in Sources */ = {isa = PBXBuildFile; fileRef = 3B9D9EAD2E5A30E9006281F0 /* OverlayViews.swift */; };
		3B9D9EB22E5A3140006281F0 /* Haptics.swift in Sources */ = {isa = PBXBuildFile; fileRef = 3B9D9EAE2E5A30F7006281F0 /* Haptics.swift */; };
		3B9D9EB32E5A3140006281F0 /* OrbiterGameView.swift in Sources */ = {isa = PBXBuildFile; fileRef = 3B9D9EAC2E5A30E1006281F0 /* OrbiterGameView.swift */; };
		3B9D9EB42E5A3140006281F0 /* GameModels.swift in Sources */ = {isa = PBXBuildFile; fileRef = 3B9D9EAA2E5A30C2006281F0 /* GameModels.swift */; };
		3B9D9EB72E5A355B006281F0 /* AppRouter.swift in Sources */ = {isa = PBXBuildFile; fileRef = 3B9D9EB62E5A355B006281F0 /* AppRouter.swift */; };
		3B9D9EB92E5A356C006281F0 /* ScoreStore.swift in Sources */ = {isa = PBXBuildFile; fileRef = 3B9D9EB82E5A356C006281F0 /* ScoreStore.swift */; };
		3B9D9EBB2E5A357B006281F0 /* MainMenuView.swift in Sources */ = {isa = PBXBuildFile; fileRef = 3B9D9EBA2E5A357B006281F0 /* MainMenuView.swift */; };
		3B9D9EBD2E5A3582006281F0 /* HighScoresView.swift in Sources */ = {isa = PBXBuildFile; fileRef = 3B9D9EBC2E5A3582006281F0 /* HighScoresView.swift */; };
		3B9D9EBF2E5A3588006281F0 /* SettingsView.swift in Sources */ = {isa = PBXBuildFile; fileRef = 3B9D9EBE2E5A3588006281F0 /* SettingsView.swift */; };
		3B9D9ED92E5AC5F2006281F0 /* TutorialView.swift in Sources */ = {isa = PBXBuildFile; fileRef = 3B9D9ED82E5AC5F2006281F0 /* TutorialView.swift */; };
		3B9D9EDB2E5ACCC5006281F0 /* DemoOrbitView.swift in Sources */ = {isa = PBXBuildFile; fileRef = 3B9D9EDA2E5ACCC5006281F0 /* DemoOrbitView.swift */; };
		3B9D9EDD2E5B61EC006281F0 /* SoundSynth.swift in Sources */ = {isa = PBXBuildFile; fileRef = 3B9D9EDC2E5B61EC006281F0 /* SoundSynth.swift */; };
		3B9D9EDF2E5B6403006281F0 /* MusicLoop.swift in Sources */ = {isa = PBXBuildFile; fileRef = 3B9D9EDE2E5B6403006281F0 /* MusicLoop.swift */; };
		3B9D9EF92E5B82A9006281F0 /* DisplayLinkAsync.swift in Sources */ = {isa = PBXBuildFile; fileRef = 3B9D9EF82E5B82A9006281F0 /* DisplayLinkAsync.swift */; };
		3B9D9EFB2E5B934D006281F0 /* Vector2.swift in Sources */ = {isa = PBXBuildFile; fileRef = 3B9D9EFA2E5B934D006281F0 /* Vector2.swift */; };
/* End PBXBuildFile section */

/* Begin PBXContainerItemProxy section */
		3B9D9E812E5A304D006281F0 /* PBXContainerItemProxy */ = {
			isa = PBXContainerItemProxy;
			containerPortal = 3B9D9E6B2E5A3049006281F0 /* Project object */;
			proxyType = 1;
			remoteGlobalIDString = 3B9D9E722E5A3049006281F0;
			remoteInfo = OrbitalDrift;
		};
		3B9D9E8B2E5A304D006281F0 /* PBXContainerItemProxy */ = {
			isa = PBXContainerItemProxy;
			containerPortal = 3B9D9E6B2E5A3049006281F0 /* Project object */;
			proxyType = 1;
			remoteGlobalIDString = 3B9D9E722E5A3049006281F0;
			remoteInfo = OrbitalDrift;
		};
/* End PBXContainerItemProxy section */

/* Begin PBXFileReference section */
		3B757C692E5E1D9100BE993D /* ScreenShake.swift */ = {isa = PBXFileReference; lastKnownFileType = sourcecode.swift; path = ScreenShake.swift; sourceTree = "<group>"; };
		3B757C6B2E5E346800BE993D /* MotionParallax.swift */ = {isa = PBXFileReference; lastKnownFileType = sourcecode.swift; path = MotionParallax.swift; sourceTree = "<group>"; };
		3B757C6D2E5E347300BE993D /* StarfieldBackground.swift */ = {isa = PBXFileReference; lastKnownFileType = sourcecode.swift; path = StarfieldBackground.swift; sourceTree = "<group>"; };
		3B757C702E5EEAE500BE993D /* MotionSystem.swift */ = {isa = PBXFileReference; lastKnownFileType = sourcecode.swift; path = MotionSystem.swift; sourceTree = "<group>"; };
		3B757C722E5EEAF700BE993D /* CombatSystem.swift */ = {isa = PBXFileReference; lastKnownFileType = sourcecode.swift; path = CombatSystem.swift; sourceTree = "<group>"; };
		3B757C742E5EEB0000BE993D /* EffectsSystem.swift */ = {isa = PBXFileReference; lastKnownFileType = sourcecode.swift; path = EffectsSystem.swift; sourceTree = "<group>"; };
		3B757C762E5EEB0800BE993D /* SpawningSystem.swift */ = {isa = PBXFileReference; lastKnownFileType = sourcecode.swift; path = SpawningSystem.swift; sourceTree = "<group>"; };
		3B757C782E5EEB1000BE993D /* ScoringSystem.swift */ = {isa = PBXFileReference; lastKnownFileType = sourcecode.swift; path = ScoringSystem.swift; sourceTree = "<group>"; };
		3B9D9E732E5A3049006281F0 /* OrbitalDrift.app */ = {isa = PBXFileReference; explicitFileType = wrapper.application; includeInIndex = 0; path = OrbitalDrift.app; sourceTree = BUILT_PRODUCTS_DIR; };
		3B9D9E802E5A304D006281F0 /* OrbitalDriftTests.xctest */ = {isa = PBXFileReference; explicitFileType = wrapper.cfbundle; includeInIndex = 0; path = OrbitalDriftTests.xctest; sourceTree = BUILT_PRODUCTS_DIR; };
		3B9D9E8A2E5A304D006281F0 /* OrbitalDriftUITests.xctest */ = {isa = PBXFileReference; explicitFileType = wrapper.cfbundle; includeInIndex = 0; path = OrbitalDriftUITests.xctest; sourceTree = BUILT_PRODUCTS_DIR; };
		3B9D9EAA2E5A30C2006281F0 /* GameModels.swift */ = {isa = PBXFileReference; lastKnownFileType = sourcecode.swift; path = GameModels.swift; sourceTree = "<group>"; };
		3B9D9EAB2E5A30D8006281F0 /* GameState.swift */ = {isa = PBXFileReference; lastKnownFileType = sourcecode.swift; path = GameState.swift; sourceTree = "<group>"; };
		3B9D9EAC2E5A30E1006281F0 /* OrbiterGameView.swift */ = {isa = PBXFileReference; lastKnownFileType = sourcecode.swift; path = OrbiterGameView.swift; sourceTree = "<group>"; };
		3B9D9EAD2E5A30E9006281F0 /* OverlayViews.swift */ = {isa = PBXFileReference; lastKnownFileType = sourcecode.swift; path = OverlayViews.swift; sourceTree = "<group>"; };
		3B9D9EAE2E5A30F7006281F0 /* Haptics.swift */ = {isa = PBXFileReference; lastKnownFileType = sourcecode.swift; path = Haptics.swift; sourceTree = "<group>"; };
		3B9D9EB62E5A355B006281F0 /* AppRouter.swift */ = {isa = PBXFileReference; lastKnownFileType = sourcecode.swift; path = AppRouter.swift; sourceTree = "<group>"; };
		3B9D9EB82E5A356C006281F0 /* ScoreStore.swift */ = {isa = PBXFileReference; lastKnownFileType = sourcecode.swift; path = ScoreStore.swift; sourceTree = "<group>"; };
		3B9D9EBA2E5A357B006281F0 /* MainMenuView.swift */ = {isa = PBXFileReference; lastKnownFileType = sourcecode.swift; path = MainMenuView.swift; sourceTree = "<group>"; };
		3B9D9EBC2E5A3582006281F0 /* HighScoresView.swift */ = {isa = PBXFileReference; lastKnownFileType = sourcecode.swift; path = HighScoresView.swift; sourceTree = "<group>"; };
		3B9D9EBE2E5A3588006281F0 /* SettingsView.swift */ = {isa = PBXFileReference; lastKnownFileType = sourcecode.swift; path = SettingsView.swift; sourceTree = "<group>"; };
		3B9D9ED82E5AC5F2006281F0 /* TutorialView.swift */ = {isa = PBXFileReference; lastKnownFileType = sourcecode.swift; path = TutorialView.swift; sourceTree = "<group>"; };
		3B9D9EDA2E5ACCC5006281F0 /* DemoOrbitView.swift */ = {isa = PBXFileReference; lastKnownFileType = sourcecode.swift; path = DemoOrbitView.swift; sourceTree = "<group>"; };
		3B9D9EDC2E5B61EC006281F0 /* SoundSynth.swift */ = {isa = PBXFileReference; lastKnownFileType = sourcecode.swift; path = SoundSynth.swift; sourceTree = "<group>"; };
		3B9D9EDE2E5B6403006281F0 /* MusicLoop.swift */ = {isa = PBXFileReference; lastKnownFileType = sourcecode.swift; path = MusicLoop.swift; sourceTree = "<group>"; };
		3B9D9EF82E5B82A9006281F0 /* DisplayLinkAsync.swift */ = {isa = PBXFileReference; lastKnownFileType = sourcecode.swift; path = DisplayLinkAsync.swift; sourceTree = "<group>"; };
		3B9D9EFA2E5B934D006281F0 /* Vector2.swift */ = {isa = PBXFileReference; lastKnownFileType = sourcecode.swift; path = Vector2.swift; sourceTree = "<group>"; };
/* End PBXFileReference section */

/* Begin PBXFileSystemSynchronizedRootGroup section */
		3B9D9E752E5A3049006281F0 /* OrbitalDrift */ = {
			isa = PBXFileSystemSynchronizedRootGroup;
			path = OrbitalDrift;
			sourceTree = "<group>";
		};
		3B9D9E832E5A304D006281F0 /* OrbitalDriftTests */ = {
			isa = PBXFileSystemSynchronizedRootGroup;
			path = OrbitalDriftTests;
			sourceTree = "<group>";
		};
		3B9D9E8D2E5A304D006281F0 /* OrbitalDriftUITests */ = {
			isa = PBXFileSystemSynchronizedRootGroup;
			path = OrbitalDriftUITests;
			sourceTree = "<group>";
		};
/* End PBXFileSystemSynchronizedRootGroup section */

/* Begin PBXFrameworksBuildPhase section */
		3B9D9E702E5A3049006281F0 /* Frameworks */ = {
			isa = PBXFrameworksBuildPhase;
			buildActionMask = 2147483647;
			files = (
			);
			runOnlyForDeploymentPostprocessing = 0;
		};
		3B9D9E7D2E5A304D006281F0 /* Frameworks */ = {
			isa = PBXFrameworksBuildPhase;
			buildActionMask = 2147483647;
			files = (
			);
			runOnlyForDeploymentPostprocessing = 0;
		};
		3B9D9E872E5A304D006281F0 /* Frameworks */ = {
			isa = PBXFrameworksBuildPhase;
			buildActionMask = 2147483647;
			files = (
			);
			runOnlyForDeploymentPostprocessing = 0;
		};
/* End PBXFrameworksBuildPhase section */

/* Begin PBXGroup section */
		3B757C6F2E5EEADC00BE993D /* GameSystems */ = {
			isa = PBXGroup;
			children = (
				3B757C782E5EEB1000BE993D /* ScoringSystem.swift */,
				3B757C762E5EEB0800BE993D /* SpawningSystem.swift */,
				3B757C742E5EEB0000BE993D /* EffectsSystem.swift */,
				3B757C722E5EEAF700BE993D /* CombatSystem.swift */,
				3B757C702E5EEAE500BE993D /* MotionSystem.swift */,
				3B9D9EAB2E5A30D8006281F0 /* GameState.swift */,
			);
			path = GameSystems;
			sourceTree = "<group>";
		};
		3B9D9E6A2E5A3049006281F0 = {
			isa = PBXGroup;
			children = (
				3B9D9EA92E5A3079006281F0 /* Soruces */,
				3B9D9E752E5A3049006281F0 /* OrbitalDrift */,
				3B9D9E832E5A304D006281F0 /* OrbitalDriftTests */,
				3B9D9E8D2E5A304D006281F0 /* OrbitalDriftUITests */,
				3B9D9E742E5A3049006281F0 /* Products */,
			);
			sourceTree = "<group>";
		};
		3B9D9E742E5A3049006281F0 /* Products */ = {
			isa = PBXGroup;
			children = (
				3B9D9E732E5A3049006281F0 /* OrbitalDrift.app */,
				3B9D9E802E5A304D006281F0 /* OrbitalDriftTests.xctest */,
				3B9D9E8A2E5A304D006281F0 /* OrbitalDriftUITests.xctest */,
			);
			name = Products;
			sourceTree = "<group>";
		};
		3B9D9EA92E5A3079006281F0 /* Soruces */ = {
			isa = PBXGroup;
			children = (
				3B757C6D2E5E347300BE993D /* StarfieldBackground.swift */,
				3B757C6B2E5E346800BE993D /* MotionParallax.swift */,
				3B757C692E5E1D9100BE993D /* ScreenShake.swift */,
				3B9D9EF82E5B82A9006281F0 /* DisplayLinkAsync.swift */,
				3B9D9EDE2E5B6403006281F0 /* MusicLoop.swift */,
				3B9D9EDC2E5B61EC006281F0 /* SoundSynth.swift */,
				3B9D9EDA2E5ACCC5006281F0 /* DemoOrbitView.swift */,
				3B9D9ED82E5AC5F2006281F0 /* TutorialView.swift */,
				3B9D9EBE2E5A3588006281F0 /* SettingsView.swift */,
				3B9D9EBC2E5A3582006281F0 /* HighScoresView.swift */,
				3B9D9EBA2E5A357B006281F0 /* MainMenuView.swift */,
				3B9D9EB82E5A356C006281F0 /* ScoreStore.swift */,
				3B9D9EB62E5A355B006281F0 /* AppRouter.swift */,
				3B9D9EAE2E5A30F7006281F0 /* Haptics.swift */,
				3B9D9EAD2E5A30E9006281F0 /* OverlayViews.swift */,
				3B9D9EAC2E5A30E1006281F0 /* OrbiterGameView.swift */,
				3B757C6F2E5EEADC00BE993D /* GameSystems */,
				3B9D9EAA2E5A30C2006281F0 /* GameModels.swift */,
				3B9D9EFA2E5B934D006281F0 /* Vector2.swift */,
			);
			path = Soruces;
			sourceTree = "<group>";
		};
/* End PBXGroup section */

/* Begin PBXNativeTarget section */
		3B9D9E722E5A3049006281F0 /* OrbitalDrift */ = {
			isa = PBXNativeTarget;
			buildConfigurationList = 3B9D9E942E5A304D006281F0 /* Build configuration list for PBXNativeTarget "OrbitalDrift" */;
			buildPhases = (
				3B9D9E6F2E5A3049006281F0 /* Sources */,
				3B9D9E702E5A3049006281F0 /* Frameworks */,
				3B9D9E712E5A3049006281F0 /* Resources */,
			);
			buildRules = (
			);
			dependencies = (
			);
			fileSystemSynchronizedGroups = (
				3B9D9E752E5A3049006281F0 /* OrbitalDrift */,
			);
			name = OrbitalDrift;
			packageProductDependencies = (
			);
			productName = OrbitalDrift;
			productReference = 3B9D9E732E5A3049006281F0 /* OrbitalDrift.app */;
			productType = "com.apple.product-type.application";
		};
		3B9D9E7F2E5A304D006281F0 /* OrbitalDriftTests */ = {
			isa = PBXNativeTarget;
			buildConfigurationList = 3B9D9E972E5A304D006281F0 /* Build configuration list for PBXNativeTarget "OrbitalDriftTests" */;
			buildPhases = (
				3B9D9E7C2E5A304D006281F0 /* Sources */,
				3B9D9E7D2E5A304D006281F0 /* Frameworks */,
				3B9D9E7E2E5A304D006281F0 /* Resources */,
			);
			buildRules = (
			);
			dependencies = (
				3B9D9E822E5A304D006281F0 /* PBXTargetDependency */,
			);
			fileSystemSynchronizedGroups = (
				3B9D9E832E5A304D006281F0 /* OrbitalDriftTests */,
			);
			name = OrbitalDriftTests;
			packageProductDependencies = (
			);
			productName = OrbitalDriftTests;
			productReference = 3B9D9E802E5A304D006281F0 /* OrbitalDriftTests.xctest */;
			productType = "com.apple.product-type.bundle.unit-test";
		};
		3B9D9E892E5A304D006281F0 /* OrbitalDriftUITests */ = {
			isa = PBXNativeTarget;
			buildConfigurationList = 3B9D9E9A2E5A304D006281F0 /* Build configuration list for PBXNativeTarget "OrbitalDriftUITests" */;
			buildPhases = (
				3B9D9E862E5A304D006281F0 /* Sources */,
				3B9D9E872E5A304D006281F0 /* Frameworks */,
				3B9D9E882E5A304D006281F0 /* Resources */,
			);
			buildRules = (
			);
			dependencies = (
				3B9D9E8C2E5A304D006281F0 /* PBXTargetDependency */,
			);
			fileSystemSynchronizedGroups = (
				3B9D9E8D2E5A304D006281F0 /* OrbitalDriftUITests */,
			);
			name = OrbitalDriftUITests;
			packageProductDependencies = (
			);
			productName = OrbitalDriftUITests;
			productReference = 3B9D9E8A2E5A304D006281F0 /* OrbitalDriftUITests.xctest */;
			productType = "com.apple.product-type.bundle.ui-testing";
		};
/* End PBXNativeTarget section */

/* Begin PBXProject section */
		3B9D9E6B2E5A3049006281F0 /* Project object */ = {
			isa = PBXProject;
			attributes = {
				BuildIndependentTargetsInParallel = 1;
				LastSwiftUpdateCheck = 1640;
				LastUpgradeCheck = 1640;
				TargetAttributes = {
					3B9D9E722E5A3049006281F0 = {
						CreatedOnToolsVersion = 16.4;
					};
					3B9D9E7F2E5A304D006281F0 = {
						CreatedOnToolsVersion = 16.4;
						TestTargetID = 3B9D9E722E5A3049006281F0;
					};
					3B9D9E892E5A304D006281F0 = {
						CreatedOnToolsVersion = 16.4;
						TestTargetID = 3B9D9E722E5A3049006281F0;
					};
				};
			};
			buildConfigurationList = 3B9D9E6E2E5A3049006281F0 /* Build configuration list for PBXProject "OrbitalDrift" */;
			developmentRegion = en;
			hasScannedForEncodings = 0;
			knownRegions = (
				en,
				Base,
			);
			mainGroup = 3B9D9E6A2E5A3049006281F0;
			minimizedProjectReferenceProxies = 1;
			preferredProjectObjectVersion = 77;
			productRefGroup = 3B9D9E742E5A3049006281F0 /* Products */;
			projectDirPath = "";
			projectRoot = "";
			targets = (
				3B9D9E722E5A3049006281F0 /* OrbitalDrift */,
				3B9D9E7F2E5A304D006281F0 /* OrbitalDriftTests */,
				3B9D9E892E5A304D006281F0 /* OrbitalDriftUITests */,
			);
		};
/* End PBXProject section */

/* Begin PBXResourcesBuildPhase section */
		3B9D9E712E5A3049006281F0 /* Resources */ = {
			isa = PBXResourcesBuildPhase;
			buildActionMask = 2147483647;
			files = (
			);
			runOnlyForDeploymentPostprocessing = 0;
		};
		3B9D9E7E2E5A304D006281F0 /* Resources */ = {
			isa = PBXResourcesBuildPhase;
			buildActionMask = 2147483647;
			files = (
			);
			runOnlyForDeploymentPostprocessing = 0;
		};
		3B9D9E882E5A304D006281F0 /* Resources */ = {
			isa = PBXResourcesBuildPhase;
			buildActionMask = 2147483647;
			files = (
			);
			runOnlyForDeploymentPostprocessing = 0;
		};
/* End PBXResourcesBuildPhase section */

/* Begin PBXSourcesBuildPhase section */
		3B9D9E6F2E5A3049006281F0 /* Sources */ = {
			isa = PBXSourcesBuildPhase;
			buildActionMask = 2147483647;
			files = (
				3B757C6A2E5E1D9100BE993D /* ScreenShake.swift in Sources */,
				3B9D9ED92E5AC5F2006281F0 /* TutorialView.swift in Sources */,
				3B9D9EBD2E5A3582006281F0 /* HighScoresView.swift in Sources */,
				3B757C752E5EEB0000BE993D /* EffectsSystem.swift in Sources */,
				3B9D9EBB2E5A357B006281F0 /* MainMenuView.swift in Sources */,
				3B757C712E5EEAE500BE993D /* MotionSystem.swift in Sources */,
				3B9D9EB02E5A3140006281F0 /* GameState.swift in Sources */,
				3B9D9EB12E5A3140006281F0 /* OverlayViews.swift in Sources */,
				3B757C6E2E5E347300BE993D /* StarfieldBackground.swift in Sources */,
				3B757C772E5EEB0800BE993D /* SpawningSystem.swift in Sources */,
				3B9D9EF92E5B82A9006281F0 /* DisplayLinkAsync.swift in Sources */,
				3B9D9EDB2E5ACCC5006281F0 /* DemoOrbitView.swift in Sources */,
				3B9D9EB22E5A3140006281F0 /* Haptics.swift in Sources */,
				3B9D9EB92E5A356C006281F0 /* ScoreStore.swift in Sources */,
				3B9D9EDD2E5B61EC006281F0 /* SoundSynth.swift in Sources */,
				3B9D9EB32E5A3140006281F0 /* OrbiterGameView.swift in Sources */,
				3B757C6C2E5E346800BE993D /* MotionParallax.swift in Sources */,
				3B757C732E5EEAF700BE993D /* CombatSystem.swift in Sources */,
				3B9D9EB42E5A3140006281F0 /* GameModels.swift in Sources */,
				3B9D9EB72E5A355B006281F0 /* AppRouter.swift in Sources */,
				3B9D9EDF2E5B6403006281F0 /* MusicLoop.swift in Sources */,
				3B9D9EFB2E5B934D006281F0 /* Vector2.swift in Sources */,
				3B757C792E5EEB1000BE993D /* ScoringSystem.swift in Sources */,
				3B9D9EBF2E5A3588006281F0 /* SettingsView.swift in Sources */,
			);
			runOnlyForDeploymentPostprocessing = 0;
		};
		3B9D9E7C2E5A304D006281F0 /* Sources */ = {
			isa = PBXSourcesBuildPhase;
			buildActionMask = 2147483647;
			files = (
			);
			runOnlyForDeploymentPostprocessing = 0;
		};
		3B9D9E862E5A304D006281F0 /* Sources */ = {
			isa = PBXSourcesBuildPhase;
			buildActionMask = 2147483647;
			files = (
			);
			runOnlyForDeploymentPostprocessing = 0;
		};
/* End PBXSourcesBuildPhase section */

/* Begin PBXTargetDependency section */
		3B9D9E822E5A304D006281F0 /* PBXTargetDependency */ = {
			isa = PBXTargetDependency;
			target = 3B9D9E722E5A3049006281F0 /* OrbitalDrift */;
			targetProxy = 3B9D9E812E5A304D006281F0 /* PBXContainerItemProxy */;
		};
		3B9D9E8C2E5A304D006281F0 /* PBXTargetDependency */ = {
			isa = PBXTargetDependency;
			target = 3B9D9E722E5A3049006281F0 /* OrbitalDrift */;
			targetProxy = 3B9D9E8B2E5A304D006281F0 /* PBXContainerItemProxy */;
		};
/* End PBXTargetDependency section */

/* Begin XCBuildConfiguration section */
		3B9D9E922E5A304D006281F0 /* Debug */ = {
			isa = XCBuildConfiguration;
			buildSettings = {
				ALWAYS_SEARCH_USER_PATHS = NO;
				ASSETCATALOG_COMPILER_GENERATE_SWIFT_ASSET_SYMBOL_EXTENSIONS = YES;
				CLANG_ANALYZER_NONNULL = YES;
				CLANG_ANALYZER_NUMBER_OBJECT_CONVERSION = YES_AGGRESSIVE;
				CLANG_CXX_LANGUAGE_STANDARD = "gnu++20";
				CLANG_ENABLE_MODULES = YES;
				CLANG_ENABLE_OBJC_ARC = YES;
				CLANG_ENABLE_OBJC_WEAK = YES;
				CLANG_WARN_BLOCK_CAPTURE_AUTORELEASING = YES;
				CLANG_WARN_BOOL_CONVERSION = YES;
				CLANG_WARN_COMMA = YES;
				CLANG_WARN_CONSTANT_CONVERSION = YES;
				CLANG_WARN_DEPRECATED_OBJC_IMPLEMENTATIONS = YES;
				CLANG_WARN_DIRECT_OBJC_ISA_USAGE = YES_ERROR;
				CLANG_WARN_DOCUMENTATION_COMMENTS = YES;
				CLANG_WARN_EMPTY_BODY = YES;
				CLANG_WARN_ENUM_CONVERSION = YES;
				CLANG_WARN_INFINITE_RECURSION = YES;
				CLANG_WARN_INT_CONVERSION = YES;
				CLANG_WARN_NON_LITERAL_NULL_CONVERSION = YES;
				CLANG_WARN_OBJC_IMPLICIT_RETAIN_SELF = YES;
				CLANG_WARN_OBJC_LITERAL_CONVERSION = YES;
				CLANG_WARN_OBJC_ROOT_CLASS = YES_ERROR;
				CLANG_WARN_QUOTED_INCLUDE_IN_FRAMEWORK_HEADER = YES;
				CLANG_WARN_RANGE_LOOP_ANALYSIS = YES;
				CLANG_WARN_STRICT_PROTOTYPES = YES;
				CLANG_WARN_SUSPICIOUS_MOVE = YES;
				CLANG_WARN_UNGUARDED_AVAILABILITY = YES_AGGRESSIVE;
				CLANG_WARN_UNREACHABLE_CODE = YES;
				CLANG_WARN__DUPLICATE_METHOD_MATCH = YES;
				COPY_PHASE_STRIP = NO;
				DEBUG_INFORMATION_FORMAT = dwarf;
				DEVELOPMENT_TEAM = 24CTGGM78R;
				ENABLE_STRICT_OBJC_MSGSEND = YES;
				ENABLE_TESTABILITY = YES;
				ENABLE_USER_SCRIPT_SANDBOXING = YES;
				GCC_C_LANGUAGE_STANDARD = gnu17;
				GCC_DYNAMIC_NO_PIC = NO;
				GCC_NO_COMMON_BLOCKS = YES;
				GCC_OPTIMIZATION_LEVEL = 0;
				GCC_PREPROCESSOR_DEFINITIONS = (
					"DEBUG=1",
					"$(inherited)",
				);
				GCC_WARN_64_TO_32_BIT_CONVERSION = YES;
				GCC_WARN_ABOUT_RETURN_TYPE = YES_ERROR;
				GCC_WARN_UNDECLARED_SELECTOR = YES;
				GCC_WARN_UNINITIALIZED_AUTOS = YES_AGGRESSIVE;
				GCC_WARN_UNUSED_FUNCTION = YES;
				GCC_WARN_UNUSED_VARIABLE = YES;
				IPHONEOS_DEPLOYMENT_TARGET = 18.5;
				LOCALIZATION_PREFERS_STRING_CATALOGS = YES;
				MTL_ENABLE_DEBUG_INFO = INCLUDE_SOURCE;
				MTL_FAST_MATH = YES;
				ONLY_ACTIVE_ARCH = YES;
				SDKROOT = iphoneos;
				SWIFT_ACTIVE_COMPILATION_CONDITIONS = "DEBUG $(inherited)";
				SWIFT_OPTIMIZATION_LEVEL = "-Onone";
			};
			name = Debug;
		};
		3B9D9E932E5A304D006281F0 /* Release */ = {
			isa = XCBuildConfiguration;
			buildSettings = {
				ALWAYS_SEARCH_USER_PATHS = NO;
				ASSETCATALOG_COMPILER_GENERATE_SWIFT_ASSET_SYMBOL_EXTENSIONS = YES;
				CLANG_ANALYZER_NONNULL = YES;
				CLANG_ANALYZER_NUMBER_OBJECT_CONVERSION = YES_AGGRESSIVE;
				CLANG_CXX_LANGUAGE_STANDARD = "gnu++20";
				CLANG_ENABLE_MODULES = YES;
				CLANG_ENABLE_OBJC_ARC = YES;
				CLANG_ENABLE_OBJC_WEAK = YES;
				CLANG_WARN_BLOCK_CAPTURE_AUTORELEASING = YES;
				CLANG_WARN_BOOL_CONVERSION = YES;
				CLANG_WARN_COMMA = YES;
				CLANG_WARN_CONSTANT_CONVERSION = YES;
				CLANG_WARN_DEPRECATED_OBJC_IMPLEMENTATIONS = YES;
				CLANG_WARN_DIRECT_OBJC_ISA_USAGE = YES_ERROR;
				CLANG_WARN_DOCUMENTATION_COMMENTS = YES;
				CLANG_WARN_EMPTY_BODY = YES;
				CLANG_WARN_ENUM_CONVERSION = YES;
				CLANG_WARN_INFINITE_RECURSION = YES;
				CLANG_WARN_INT_CONVERSION = YES;
				CLANG_WARN_NON_LITERAL_NULL_CONVERSION = YES;
				CLANG_WARN_OBJC_IMPLICIT_RETAIN_SELF = YES;
				CLANG_WARN_OBJC_LITERAL_CONVERSION = YES;
				CLANG_WARN_OBJC_ROOT_CLASS = YES_ERROR;
				CLANG_WARN_QUOTED_INCLUDE_IN_FRAMEWORK_HEADER = YES;
				CLANG_WARN_RANGE_LOOP_ANALYSIS = YES;
				CLANG_WARN_STRICT_PROTOTYPES = YES;
				CLANG_WARN_SUSPICIOUS_MOVE = YES;
				CLANG_WARN_UNGUARDED_AVAILABILITY = YES_AGGRESSIVE;
				CLANG_WARN_UNREACHABLE_CODE = YES;
				CLANG_WARN__DUPLICATE_METHOD_MATCH = YES;
				COPY_PHASE_STRIP = NO;
				DEBUG_INFORMATION_FORMAT = "dwarf-with-dsym";
				DEVELOPMENT_TEAM = 24CTGGM78R;
				ENABLE_NS_ASSERTIONS = NO;
				ENABLE_STRICT_OBJC_MSGSEND = YES;
				ENABLE_USER_SCRIPT_SANDBOXING = YES;
				GCC_C_LANGUAGE_STANDARD = gnu17;
				GCC_NO_COMMON_BLOCKS = YES;
				GCC_WARN_64_TO_32_BIT_CONVERSION = YES;
				GCC_WARN_ABOUT_RETURN_TYPE = YES_ERROR;
				GCC_WARN_UNDECLARED_SELECTOR = YES;
				GCC_WARN_UNINITIALIZED_AUTOS = YES_AGGRESSIVE;
				GCC_WARN_UNUSED_FUNCTION = YES;
				GCC_WARN_UNUSED_VARIABLE = YES;
				IPHONEOS_DEPLOYMENT_TARGET = 18.5;
				LOCALIZATION_PREFERS_STRING_CATALOGS = YES;
				MTL_ENABLE_DEBUG_INFO = NO;
				MTL_FAST_MATH = YES;
				SDKROOT = iphoneos;
				SWIFT_COMPILATION_MODE = wholemodule;
				VALIDATE_PRODUCT = YES;
			};
			name = Release;
		};
		3B9D9E952E5A304D006281F0 /* Debug */ = {
			isa = XCBuildConfiguration;
			buildSettings = {
				ASSETCATALOG_COMPILER_APPICON_NAME = AppIcon;
				ASSETCATALOG_COMPILER_GLOBAL_ACCENT_COLOR_NAME = AccentColor;
				CODE_SIGN_STYLE = Automatic;
				CURRENT_PROJECT_VERSION = 1;
				DEVELOPMENT_TEAM = 24CTGGM78R;
				ENABLE_PREVIEWS = YES;
				GENERATE_INFOPLIST_FILE = YES;
				INFOPLIST_KEY_ITSAppUsesNonExemptEncryption = NO;
				INFOPLIST_KEY_UIApplicationSceneManifest_Generation = YES;
				INFOPLIST_KEY_UIApplicationSupportsIndirectInputEvents = YES;
				INFOPLIST_KEY_UILaunchScreen_Generation = YES;
				INFOPLIST_KEY_UISupportedInterfaceOrientations_iPad = "UIInterfaceOrientationPortrait UIInterfaceOrientationPortraitUpsideDown UIInterfaceOrientationLandscapeLeft UIInterfaceOrientationLandscapeRight";
				INFOPLIST_KEY_UISupportedInterfaceOrientations_iPhone = "UIInterfaceOrientationPortrait UIInterfaceOrientationLandscapeLeft UIInterfaceOrientationLandscapeRight";
				LD_RUNPATH_SEARCH_PATHS = (
					"$(inherited)",
					"@executable_path/Frameworks",
				);
				MARKETING_VERSION = 1.0;
				PRODUCT_BUNDLE_IDENTIFIER = amishpatel.OrbitalDrift;
				PRODUCT_NAME = "$(TARGET_NAME)";
				SWIFT_EMIT_LOC_STRINGS = YES;
				SWIFT_VERSION = 5.0;
				TARGETED_DEVICE_FAMILY = "1,2";
			};
			name = Debug;
		};
		3B9D9E962E5A304D006281F0 /* Release */ = {
			isa = XCBuildConfiguration;
			buildSettings = {
				ASSETCATALOG_COMPILER_APPICON_NAME = AppIcon;
				ASSETCATALOG_COMPILER_GLOBAL_ACCENT_COLOR_NAME = AccentColor;
				CODE_SIGN_STYLE = Automatic;
				CURRENT_PROJECT_VERSION = 1;
				DEVELOPMENT_TEAM = 24CTGGM78R;
				ENABLE_PREVIEWS = YES;
				GENERATE_INFOPLIST_FILE = YES;
				INFOPLIST_KEY_ITSAppUsesNonExemptEncryption = NO;
				INFOPLIST_KEY_UIApplicationSceneManifest_Generation = YES;
				INFOPLIST_KEY_UIApplicationSupportsIndirectInputEvents = YES;
				INFOPLIST_KEY_UILaunchScreen_Generation = YES;
				INFOPLIST_KEY_UISupportedInterfaceOrientations_iPad = "UIInterfaceOrientationPortrait UIInterfaceOrientationPortraitUpsideDown UIInterfaceOrientationLandscapeLeft UIInterfaceOrientationLandscapeRight";
				INFOPLIST_KEY_UISupportedInterfaceOrientations_iPhone = "UIInterfaceOrientationPortrait UIInterfaceOrientationLandscapeLeft UIInterfaceOrientationLandscapeRight";
				LD_RUNPATH_SEARCH_PATHS = (
					"$(inherited)",
					"@executable_path/Frameworks",
				);
				MARKETING_VERSION = 1.0;
				PRODUCT_BUNDLE_IDENTIFIER = amishpatel.OrbitalDrift;
				PRODUCT_NAME = "$(TARGET_NAME)";
				SWIFT_EMIT_LOC_STRINGS = YES;
				SWIFT_VERSION = 5.0;
				TARGETED_DEVICE_FAMILY = "1,2";
			};
			name = Release;
		};
		3B9D9E982E5A304D006281F0 /* Debug */ = {
			isa = XCBuildConfiguration;
			buildSettings = {
				BUNDLE_LOADER = "$(TEST_HOST)";
				CODE_SIGN_STYLE = Automatic;
				CURRENT_PROJECT_VERSION = 1;
				DEVELOPMENT_TEAM = 24CTGGM78R;
				GENERATE_INFOPLIST_FILE = YES;
				IPHONEOS_DEPLOYMENT_TARGET = 18.5;
				MARKETING_VERSION = 1.0;
				PRODUCT_BUNDLE_IDENTIFIER = amishpatel.OrbitalDriftTests;
				PRODUCT_NAME = "$(TARGET_NAME)";
				SWIFT_EMIT_LOC_STRINGS = NO;
				SWIFT_VERSION = 5.0;
				TARGETED_DEVICE_FAMILY = "1,2";
				TEST_HOST = "$(BUILT_PRODUCTS_DIR)/OrbitalDrift.app/$(BUNDLE_EXECUTABLE_FOLDER_PATH)/OrbitalDrift";
			};
			name = Debug;
		};
		3B9D9E992E5A304D006281F0 /* Release */ = {
			isa = XCBuildConfiguration;
			buildSettings = {
				BUNDLE_LOADER = "$(TEST_HOST)";
				CODE_SIGN_STYLE = Automatic;
				CURRENT_PROJECT_VERSION = 1;
				DEVELOPMENT_TEAM = 24CTGGM78R;
				GENERATE_INFOPLIST_FILE = YES;
				IPHONEOS_DEPLOYMENT_TARGET = 18.5;
				MARKETING_VERSION = 1.0;
				PRODUCT_BUNDLE_IDENTIFIER = amishpatel.OrbitalDriftTests;
				PRODUCT_NAME = "$(TARGET_NAME)";
				SWIFT_EMIT_LOC_STRINGS = NO;
				SWIFT_VERSION = 5.0;
				TARGETED_DEVICE_FAMILY = "1,2";
				TEST_HOST = "$(BUILT_PRODUCTS_DIR)/OrbitalDrift.app/$(BUNDLE_EXECUTABLE_FOLDER_PATH)/OrbitalDrift";
			};
			name = Release;
		};
		3B9D9E9B2E5A304D006281F0 /* Debug */ = {
			isa = XCBuildConfiguration;
			buildSettings = {
				CODE_SIGN_STYLE = Automatic;
				CURRENT_PROJECT_VERSION = 1;
				DEVELOPMENT_TEAM = 24CTGGM78R;
				GENERATE_INFOPLIST_FILE = YES;
				MARKETING_VERSION = 1.0;
				PRODUCT_BUNDLE_IDENTIFIER = amishpatel.OrbitalDriftUITests;
				PRODUCT_NAME = "$(TARGET_NAME)";
				SWIFT_EMIT_LOC_STRINGS = NO;
				SWIFT_VERSION = 5.0;
				TARGETED_DEVICE_FAMILY = "1,2";
				TEST_TARGET_NAME = OrbitalDrift;
			};
			name = Debug;
		};
		3B9D9E9C2E5A304D006281F0 /* Release */ = {
			isa = XCBuildConfiguration;
			buildSettings = {
				CODE_SIGN_STYLE = Automatic;
				CURRENT_PROJECT_VERSION = 1;
				DEVELOPMENT_TEAM = 24CTGGM78R;
				GENERATE_INFOPLIST_FILE = YES;
				MARKETING_VERSION = 1.0;
				PRODUCT_BUNDLE_IDENTIFIER = amishpatel.OrbitalDriftUITests;
				PRODUCT_NAME = "$(TARGET_NAME)";
				SWIFT_EMIT_LOC_STRINGS = NO;
				SWIFT_VERSION = 5.0;
				TARGETED_DEVICE_FAMILY = "1,2";
				TEST_TARGET_NAME = OrbitalDrift;
			};
			name = Release;
		};
/* End XCBuildConfiguration section */

/* Begin XCConfigurationList section */
		3B9D9E6E2E5A3049006281F0 /* Build configuration list for PBXProject "OrbitalDrift" */ = {
			isa = XCConfigurationList;
			buildConfigurations = (
				3B9D9E922E5A304D006281F0 /* Debug */,
				3B9D9E932E5A304D006281F0 /* Release */,
			);
			defaultConfigurationIsVisible = 0;
			defaultConfigurationName = Release;
		};
		3B9D9E942E5A304D006281F0 /* Build configuration list for PBXNativeTarget "OrbitalDrift" */ = {
			isa = XCConfigurationList;
			buildConfigurations = (
				3B9D9E952E5A304D006281F0 /* Debug */,
				3B9D9E962E5A304D006281F0 /* Release */,
			);
			defaultConfigurationIsVisible = 0;
			defaultConfigurationName = Release;
		};
		3B9D9E972E5A304D006281F0 /* Build configuration list for PBXNativeTarget "OrbitalDriftTests" */ = {
			isa = XCConfigurationList;
			buildConfigurations = (
				3B9D9E982E5A304D006281F0 /* Debug */,
				3B9D9E992E5A304D006281F0 /* Release */,
			);
			defaultConfigurationIsVisible = 0;
			defaultConfigurationName = Release;
		};
		3B9D9E9A2E5A304D006281F0 /* Build configuration list for PBXNativeTarget "OrbitalDriftUITests" */ = {
			isa = XCConfigurationList;
			buildConfigurations = (
				3B9D9E9B2E5A304D006281F0 /* Debug */,
				3B9D9E9C2E5A304D006281F0 /* Release */,
			);
			defaultConfigurationIsVisible = 0;
			defaultConfigurationName = Release;
		};
/* End XCConfigurationList section */
	};
	rootObject = 3B9D9E6B2E5A3049006281F0 /* Project object */;
}
